// !$*UTF8*$!
{
	archiveVersion = 1;
	classes = {
	};
	objectVersion = 51;
	objects = {

/* Begin PBXBuildFile section */
		8020BCDB2446A8C9009FC0A9 /* LetterViewController.swift in Sources */ = {isa = PBXBuildFile; fileRef = 8020BCDA2446A8C9009FC0A9 /* LetterViewController.swift */; };
		80398C9424490680001A0E4F /* ScavengerCell.swift in Sources */ = {isa = PBXBuildFile; fileRef = 80398C9324490680001A0E4F /* ScavengerCell.swift */; };
		808C23FF2447733D00C3EC8D /* LetterView.swift in Sources */ = {isa = PBXBuildFile; fileRef = 808C23FE2447733D00C3EC8D /* LetterView.swift */; };
		80CA68E4244661AC0097BB7D /* AppDelegate.swift in Sources */ = {isa = PBXBuildFile; fileRef = 80CA68E3244661AC0097BB7D /* AppDelegate.swift */; };
		80CA68E6244661AC0097BB7D /* SceneDelegate.swift in Sources */ = {isa = PBXBuildFile; fileRef = 80CA68E5244661AC0097BB7D /* SceneDelegate.swift */; };
		80CA68E8244661AC0097BB7D /* OptionsViewController.swift in Sources */ = {isa = PBXBuildFile; fileRef = 80CA68E7244661AC0097BB7D /* OptionsViewController.swift */; };
		80CA68EE244661AC0097BB7D /* KidsActivities.xcdatamodeld in Sources */ = {isa = PBXBuildFile; fileRef = 80CA68EC244661AC0097BB7D /* KidsActivities.xcdatamodeld */; };
		80CA68F0244661AF0097BB7D /* Assets.xcassets in Resources */ = {isa = PBXBuildFile; fileRef = 80CA68EF244661AF0097BB7D /* Assets.xcassets */; };
		80CA68F3244661AF0097BB7D /* LaunchScreen.storyboard in Resources */ = {isa = PBXBuildFile; fileRef = 80CA68F1244661AF0097BB7D /* LaunchScreen.storyboard */; };
		80CA68FE244661B00097BB7D /* KidsActivitiesTests.swift in Sources */ = {isa = PBXBuildFile; fileRef = 80CA68FD244661B00097BB7D /* KidsActivitiesTests.swift */; };
		80CA690D2446695B0097BB7D /* TabViewController.swift in Sources */ = {isa = PBXBuildFile; fileRef = 80CA690C2446695B0097BB7D /* TabViewController.swift */; };
		80CA690F24466A0A0097BB7D /* SubmittedActivitiesViewController.swift in Sources */ = {isa = PBXBuildFile; fileRef = 80CA690E24466A0A0097BB7D /* SubmittedActivitiesViewController.swift */; };
		80CA691124466C060097BB7D /* OptionsStoryboard.storyboard in Resources */ = {isa = PBXBuildFile; fileRef = 80CA691024466C060097BB7D /* OptionsStoryboard.storyboard */; };
		80CA691324466C180097BB7D /* SubmittedStoryboard.storyboard in Resources */ = {isa = PBXBuildFile; fileRef = 80CA691224466C180097BB7D /* SubmittedStoryboard.storyboard */; };
		80CB497E2448C0C900E07A76 /* ScavengerViewController.swift in Sources */ = {isa = PBXBuildFile; fileRef = 80CB497D2448C0C800E07A76 /* ScavengerViewController.swift */; };
		80CB49802448C0D100E07A76 /* Scavenger.storyboard in Resources */ = {isa = PBXBuildFile; fileRef = 80CB497F2448C0D100E07A76 /* Scavenger.storyboard */; };
		80CB49822448C41500E07A76 /* ScavengerInfo.swift in Sources */ = {isa = PBXBuildFile; fileRef = 80CB49812448C41500E07A76 /* ScavengerInfo.swift */; };
		A3D6E7C86F4BA7CEF27853CD /* Pods_KidsActivities.framework in Frameworks */ = {isa = PBXBuildFile; fileRef = E2D893B9D67FC1BD5F6AA955 /* Pods_KidsActivities.framework */; };
		B732F484820E971BEBCCFACE /* Pods_KidsActivitiesTests.framework in Frameworks */ = {isa = PBXBuildFile; fileRef = 917AF7A5682482C425D140F7 /* Pods_KidsActivitiesTests.framework */; };
		F106A2E72447936400FAB35F /* GoogleService-Info.plist in Resources */ = {isa = PBXBuildFile; fileRef = F106A2E62447936400FAB35F /* GoogleService-Info.plist */; };
		F106A2E92448907700FAB35F /* Activity1Storyboard.storyboard in Resources */ = {isa = PBXBuildFile; fileRef = F106A2E82448907700FAB35F /* Activity1Storyboard.storyboard */; };
		F106A2EB244896F300FAB35F /* Activity6ViewController.swift in Sources */ = {isa = PBXBuildFile; fileRef = F106A2EA244896F300FAB35F /* Activity6ViewController.swift */; };
		F106A2ED2448970900FAB35F /* Activity6Storyboard.storyboard in Resources */ = {isa = PBXBuildFile; fileRef = F106A2EC2448970900FAB35F /* Activity6Storyboard.storyboard */; };
		F106A2EF24489FA100FAB35F /* PersonifiedItemCell.swift in Sources */ = {isa = PBXBuildFile; fileRef = F106A2EE24489FA100FAB35F /* PersonifiedItemCell.swift */; };
		F106A2F12448A0A900FAB35F /* ContentCell.swift in Sources */ = {isa = PBXBuildFile; fileRef = F106A2F02448A0A900FAB35F /* ContentCell.swift */; };
/* End PBXBuildFile section */

/* Begin PBXContainerItemProxy section */
		80CA68FA244661B00097BB7D /* PBXContainerItemProxy */ = {
			isa = PBXContainerItemProxy;
			containerPortal = 80CA68D8244661AC0097BB7D /* Project object */;
			proxyType = 1;
			remoteGlobalIDString = 80CA68DF244661AC0097BB7D;
			remoteInfo = KidsActivities;
		};
/* End PBXContainerItemProxy section */

/* Begin PBXFileReference section */
		3B538D9642208F1D38CD1D88 /* Pods-KidsActivities.release.xcconfig */ = {isa = PBXFileReference; includeInIndex = 1; lastKnownFileType = text.xcconfig; name = "Pods-KidsActivities.release.xcconfig"; path = "Target Support Files/Pods-KidsActivities/Pods-KidsActivities.release.xcconfig"; sourceTree = "<group>"; };
		3DF0B7F88367107B8409C9BB /* Pods-KidsActivities.debug.xcconfig */ = {isa = PBXFileReference; includeInIndex = 1; lastKnownFileType = text.xcconfig; name = "Pods-KidsActivities.debug.xcconfig"; path = "Target Support Files/Pods-KidsActivities/Pods-KidsActivities.debug.xcconfig"; sourceTree = "<group>"; };
		540B73A2D483DBB1D0D30944 /* Pods-KidsActivitiesTests.release.xcconfig */ = {isa = PBXFileReference; includeInIndex = 1; lastKnownFileType = text.xcconfig; name = "Pods-KidsActivitiesTests.release.xcconfig"; path = "Target Support Files/Pods-KidsActivitiesTests/Pods-KidsActivitiesTests.release.xcconfig"; sourceTree = "<group>"; };
		5BC872B906A1A96F874BC454 /* Pods-KidsActivitiesTests.debug.xcconfig */ = {isa = PBXFileReference; includeInIndex = 1; lastKnownFileType = text.xcconfig; name = "Pods-KidsActivitiesTests.debug.xcconfig"; path = "Target Support Files/Pods-KidsActivitiesTests/Pods-KidsActivitiesTests.debug.xcconfig"; sourceTree = "<group>"; };
		8020BCDA2446A8C9009FC0A9 /* LetterViewController.swift */ = {isa = PBXFileReference; lastKnownFileType = sourcecode.swift; path = LetterViewController.swift; sourceTree = "<group>"; };
		8020BCDC2446A8CD009FC0A9 /* ViewController.swift */ = {isa = PBXFileReference; lastKnownFileType = sourcecode.swift; path = ViewController.swift; sourceTree = "<group>"; };
		8020BCDD2446A8CE009FC0A9 /* Activity1ViewController.swift */ = {isa = PBXFileReference; lastKnownFileType = sourcecode.swift; path = Activity1ViewController.swift; sourceTree = "<group>"; };
		80398C9324490680001A0E4F /* ScavengerCell.swift */ = {isa = PBXFileReference; lastKnownFileType = sourcecode.swift; path = ScavengerCell.swift; sourceTree = "<group>"; };
		808C23FE2447733D00C3EC8D /* LetterView.swift */ = {isa = PBXFileReference; lastKnownFileType = sourcecode.swift; path = LetterView.swift; sourceTree = "<group>"; };
		80CA68E0244661AC0097BB7D /* KidsActivities.app */ = {isa = PBXFileReference; explicitFileType = wrapper.application; includeInIndex = 0; path = KidsActivities.app; sourceTree = BUILT_PRODUCTS_DIR; };
		80CA68E3244661AC0097BB7D /* AppDelegate.swift */ = {isa = PBXFileReference; lastKnownFileType = sourcecode.swift; path = AppDelegate.swift; sourceTree = "<group>"; };
		80CA68E5244661AC0097BB7D /* SceneDelegate.swift */ = {isa = PBXFileReference; lastKnownFileType = sourcecode.swift; path = SceneDelegate.swift; sourceTree = "<group>"; };
		80CA68E7244661AC0097BB7D /* OptionsViewController.swift */ = {isa = PBXFileReference; lastKnownFileType = sourcecode.swift; path = OptionsViewController.swift; sourceTree = "<group>"; };
		80CA68ED244661AC0097BB7D /* KidsActivities.xcdatamodel */ = {isa = PBXFileReference; lastKnownFileType = wrapper.xcdatamodel; path = KidsActivities.xcdatamodel; sourceTree = "<group>"; };
		80CA68EF244661AF0097BB7D /* Assets.xcassets */ = {isa = PBXFileReference; lastKnownFileType = folder.assetcatalog; path = Assets.xcassets; sourceTree = "<group>"; };
		80CA68F2244661AF0097BB7D /* Base */ = {isa = PBXFileReference; lastKnownFileType = file.storyboard; name = Base; path = Base.lproj/LaunchScreen.storyboard; sourceTree = "<group>"; };
		80CA68F4244661AF0097BB7D /* Info.plist */ = {isa = PBXFileReference; lastKnownFileType = text.plist.xml; path = Info.plist; sourceTree = "<group>"; };
		80CA68F9244661B00097BB7D /* KidsActivitiesTests.xctest */ = {isa = PBXFileReference; explicitFileType = wrapper.cfbundle; includeInIndex = 0; path = KidsActivitiesTests.xctest; sourceTree = BUILT_PRODUCTS_DIR; };
		80CA68FD244661B00097BB7D /* KidsActivitiesTests.swift */ = {isa = PBXFileReference; lastKnownFileType = sourcecode.swift; path = KidsActivitiesTests.swift; sourceTree = "<group>"; };
		80CA68FF244661B00097BB7D /* Info.plist */ = {isa = PBXFileReference; lastKnownFileType = text.plist.xml; path = Info.plist; sourceTree = "<group>"; };
		80CA690C2446695B0097BB7D /* TabViewController.swift */ = {isa = PBXFileReference; lastKnownFileType = sourcecode.swift; path = TabViewController.swift; sourceTree = "<group>"; };
		80CA690E24466A0A0097BB7D /* SubmittedActivitiesViewController.swift */ = {isa = PBXFileReference; lastKnownFileType = sourcecode.swift; path = SubmittedActivitiesViewController.swift; sourceTree = "<group>"; };
		80CA691024466C060097BB7D /* OptionsStoryboard.storyboard */ = {isa = PBXFileReference; lastKnownFileType = file.storyboard; path = OptionsStoryboard.storyboard; sourceTree = "<group>"; };
		80CA691224466C180097BB7D /* SubmittedStoryboard.storyboard */ = {isa = PBXFileReference; lastKnownFileType = file.storyboard; path = SubmittedStoryboard.storyboard; sourceTree = "<group>"; };
		80CB497D2448C0C800E07A76 /* ScavengerViewController.swift */ = {isa = PBXFileReference; fileEncoding = 4; lastKnownFileType = sourcecode.swift; path = ScavengerViewController.swift; sourceTree = "<group>"; };
		80CB497F2448C0D100E07A76 /* Scavenger.storyboard */ = {isa = PBXFileReference; fileEncoding = 4; lastKnownFileType = file.storyboard; path = Scavenger.storyboard; sourceTree = "<group>"; };
		80CB49812448C41500E07A76 /* ScavengerInfo.swift */ = {isa = PBXFileReference; lastKnownFileType = sourcecode.swift; path = ScavengerInfo.swift; sourceTree = "<group>"; };
		917AF7A5682482C425D140F7 /* Pods_KidsActivitiesTests.framework */ = {isa = PBXFileReference; explicitFileType = wrapper.framework; includeInIndex = 0; path = Pods_KidsActivitiesTests.framework; sourceTree = BUILT_PRODUCTS_DIR; };
		E2D893B9D67FC1BD5F6AA955 /* Pods_KidsActivities.framework */ = {isa = PBXFileReference; explicitFileType = wrapper.framework; includeInIndex = 0; path = Pods_KidsActivities.framework; sourceTree = BUILT_PRODUCTS_DIR; };
		F106A2E62447936400FAB35F /* GoogleService-Info.plist */ = {isa = PBXFileReference; fileEncoding = 4; lastKnownFileType = text.plist.xml; path = "GoogleService-Info.plist"; sourceTree = "<group>"; };
		F106A2E82448907700FAB35F /* Activity1Storyboard.storyboard */ = {isa = PBXFileReference; lastKnownFileType = file.storyboard; path = Activity1Storyboard.storyboard; sourceTree = "<group>"; };
		F106A2EA244896F300FAB35F /* Activity6ViewController.swift */ = {isa = PBXFileReference; lastKnownFileType = sourcecode.swift; path = Activity6ViewController.swift; sourceTree = "<group>"; };
		F106A2EC2448970900FAB35F /* Activity6Storyboard.storyboard */ = {isa = PBXFileReference; lastKnownFileType = file.storyboard; path = Activity6Storyboard.storyboard; sourceTree = "<group>"; };
		F106A2EE24489FA100FAB35F /* PersonifiedItemCell.swift */ = {isa = PBXFileReference; lastKnownFileType = sourcecode.swift; path = PersonifiedItemCell.swift; sourceTree = "<group>"; };
		F106A2F02448A0A900FAB35F /* ContentCell.swift */ = {isa = PBXFileReference; lastKnownFileType = sourcecode.swift; path = ContentCell.swift; sourceTree = "<group>"; };
/* End PBXFileReference section */

/* Begin PBXFrameworksBuildPhase section */
		80CA68DD244661AC0097BB7D /* Frameworks */ = {
			isa = PBXFrameworksBuildPhase;
			buildActionMask = 2147483647;
			files = (
				A3D6E7C86F4BA7CEF27853CD /* Pods_KidsActivities.framework in Frameworks */,
			);
			runOnlyForDeploymentPostprocessing = 0;
		};
		80CA68F6244661B00097BB7D /* Frameworks */ = {
			isa = PBXFrameworksBuildPhase;
			buildActionMask = 2147483647;
			files = (
				B732F484820E971BEBCCFACE /* Pods_KidsActivitiesTests.framework in Frameworks */,
			);
			runOnlyForDeploymentPostprocessing = 0;
		};
/* End PBXFrameworksBuildPhase section */

/* Begin PBXGroup section */
		31CDEF8B94DF645B3E165908 /* Pods */ = {
			isa = PBXGroup;
			children = (
				3DF0B7F88367107B8409C9BB /* Pods-KidsActivities.debug.xcconfig */,
				3B538D9642208F1D38CD1D88 /* Pods-KidsActivities.release.xcconfig */,
				5BC872B906A1A96F874BC454 /* Pods-KidsActivitiesTests.debug.xcconfig */,
				540B73A2D483DBB1D0D30944 /* Pods-KidsActivitiesTests.release.xcconfig */,
			);
			path = Pods;
			sourceTree = "<group>";
		};
		80CA68D7244661AC0097BB7D = {
			isa = PBXGroup;
			children = (
				80CA68E2244661AC0097BB7D /* KidsActivities */,
				80CA68FC244661B00097BB7D /* KidsActivitiesTests */,
				80CA68E1244661AC0097BB7D /* Products */,
				31CDEF8B94DF645B3E165908 /* Pods */,
				ABAD3508D8BE47CA5D504600 /* Frameworks */,
			);
			sourceTree = "<group>";
		};
		80CA68E1244661AC0097BB7D /* Products */ = {
			isa = PBXGroup;
			children = (
				80CA68E0244661AC0097BB7D /* KidsActivities.app */,
				80CA68F9244661B00097BB7D /* KidsActivitiesTests.xctest */,
			);
			name = Products;
			sourceTree = "<group>";
		};
		80CA68E2244661AC0097BB7D /* KidsActivities */ = {
			isa = PBXGroup;
			children = (
				F106A2E62447936400FAB35F /* GoogleService-Info.plist */,
				80D5B6FA2446759D00AA492D /* bienbenido */,
				80D5B6F92446758A00AA492D /* tseringl */,
				80D5B6F82446756200AA492D /* maitreeb */,
				80CA68E3244661AC0097BB7D /* AppDelegate.swift */,
				80CA68E5244661AC0097BB7D /* SceneDelegate.swift */,
				80CA68E7244661AC0097BB7D /* OptionsViewController.swift */,
				80CA690E24466A0A0097BB7D /* SubmittedActivitiesViewController.swift */,
				80CA690C2446695B0097BB7D /* TabViewController.swift */,
				80CA691024466C060097BB7D /* OptionsStoryboard.storyboard */,
				80CA691224466C180097BB7D /* SubmittedStoryboard.storyboard */,
				80CA68EF244661AF0097BB7D /* Assets.xcassets */,
				80CA68F1244661AF0097BB7D /* LaunchScreen.storyboard */,
				80CA68F4244661AF0097BB7D /* Info.plist */,
				80CA68EC244661AC0097BB7D /* KidsActivities.xcdatamodeld */,
			);
			path = KidsActivities;
			sourceTree = "<group>";
		};
		80CA68FC244661B00097BB7D /* KidsActivitiesTests */ = {
			isa = PBXGroup;
			children = (
				80CA68FD244661B00097BB7D /* KidsActivitiesTests.swift */,
				80CA68FF244661B00097BB7D /* Info.plist */,
			);
			path = KidsActivitiesTests;
			sourceTree = "<group>";
		};
		80D5B6F82446756200AA492D /* maitreeb */ = {
			isa = PBXGroup;
			children = (
				8020BCDA2446A8C9009FC0A9 /* LetterViewController.swift */,
				808C23FE2447733D00C3EC8D /* LetterView.swift */,
				80CB497D2448C0C800E07A76 /* ScavengerViewController.swift */,
				80CB49812448C41500E07A76 /* ScavengerInfo.swift */,
				80CB497F2448C0D100E07A76 /* Scavenger.storyboard */,
				80398C9324490680001A0E4F /* ScavengerCell.swift */,
			);
			path = maitreeb;
			sourceTree = "<group>";
		};
		80D5B6F92446758A00AA492D /* tseringl */ = {
			isa = PBXGroup;
			children = (
				8020BCDC2446A8CD009FC0A9 /* ViewController.swift */,
			);
			path = tseringl;
			sourceTree = "<group>";
		};
		80D5B6FA2446759D00AA492D /* bienbenido */ = {
			isa = PBXGroup;
			children = (
				8020BCDD2446A8CE009FC0A9 /* Activity1ViewController.swift */,
				F106A2EA244896F300FAB35F /* Activity6ViewController.swift */,
				F106A2EC2448970900FAB35F /* Activity6Storyboard.storyboard */,
				F106A2E82448907700FAB35F /* Activity1Storyboard.storyboard */,
				F106A2EE24489FA100FAB35F /* PersonifiedItemCell.swift */,
				F106A2F02448A0A900FAB35F /* ContentCell.swift */,
			);
			path = bienbenido;
			sourceTree = "<group>";
		};
		ABAD3508D8BE47CA5D504600 /* Frameworks */ = {
			isa = PBXGroup;
			children = (
				E2D893B9D67FC1BD5F6AA955 /* Pods_KidsActivities.framework */,
				917AF7A5682482C425D140F7 /* Pods_KidsActivitiesTests.framework */,
			);
			name = Frameworks;
			sourceTree = "<group>";
		};
/* End PBXGroup section */

/* Begin PBXNativeTarget section */
		80CA68DF244661AC0097BB7D /* KidsActivities */ = {
			isa = PBXNativeTarget;
			buildConfigurationList = 80CA6902244661B00097BB7D /* Build configuration list for PBXNativeTarget "KidsActivities" */;
			buildPhases = (
				C66C78B3A4AD504625737685 /* [CP] Check Pods Manifest.lock */,
				80CA68DC244661AC0097BB7D /* Sources */,
				80CA68DD244661AC0097BB7D /* Frameworks */,
				80CA68DE244661AC0097BB7D /* Resources */,
				AE3643AD08796AA540B841FA /* [CP] Embed Pods Frameworks */,
			);
			buildRules = (
			);
			dependencies = (
			);
			name = KidsActivities;
			productName = KidsActivities;
			productReference = 80CA68E0244661AC0097BB7D /* KidsActivities.app */;
			productType = "com.apple.product-type.application";
		};
		80CA68F8244661B00097BB7D /* KidsActivitiesTests */ = {
			isa = PBXNativeTarget;
			buildConfigurationList = 80CA6905244661B00097BB7D /* Build configuration list for PBXNativeTarget "KidsActivitiesTests" */;
			buildPhases = (
				5366559F1FBA27FA27101456 /* [CP] Check Pods Manifest.lock */,
				80CA68F5244661B00097BB7D /* Sources */,
				80CA68F6244661B00097BB7D /* Frameworks */,
				80CA68F7244661B00097BB7D /* Resources */,
			);
			buildRules = (
			);
			dependencies = (
				80CA68FB244661B00097BB7D /* PBXTargetDependency */,
			);
			name = KidsActivitiesTests;
			productName = KidsActivitiesTests;
			productReference = 80CA68F9244661B00097BB7D /* KidsActivitiesTests.xctest */;
			productType = "com.apple.product-type.bundle.unit-test";
		};
/* End PBXNativeTarget section */

/* Begin PBXProject section */
		80CA68D8244661AC0097BB7D /* Project object */ = {
			isa = PBXProject;
			attributes = {
				LastSwiftUpdateCheck = 1120;
				LastUpgradeCheck = 1120;
				ORGANIZATIONNAME = "Maitree Bain";
				TargetAttributes = {
					80CA68DF244661AC0097BB7D = {
						CreatedOnToolsVersion = 11.2.1;
					};
					80CA68F8244661B00097BB7D = {
						CreatedOnToolsVersion = 11.2.1;
						TestTargetID = 80CA68DF244661AC0097BB7D;
					};
				};
			};
			buildConfigurationList = 80CA68DB244661AC0097BB7D /* Build configuration list for PBXProject "KidsActivities" */;
			compatibilityVersion = "Xcode 9.3";
			developmentRegion = en;
			hasScannedForEncodings = 0;
			knownRegions = (
				en,
				Base,
			);
			mainGroup = 80CA68D7244661AC0097BB7D;
			productRefGroup = 80CA68E1244661AC0097BB7D /* Products */;
			projectDirPath = "";
			projectRoot = "";
			targets = (
				80CA68DF244661AC0097BB7D /* KidsActivities */,
				80CA68F8244661B00097BB7D /* KidsActivitiesTests */,
			);
		};
/* End PBXProject section */

/* Begin PBXResourcesBuildPhase section */
		80CA68DE244661AC0097BB7D /* Resources */ = {
			isa = PBXResourcesBuildPhase;
			buildActionMask = 2147483647;
			files = (
				F106A2E92448907700FAB35F /* Activity1Storyboard.storyboard in Resources */,
				80CA68F3244661AF0097BB7D /* LaunchScreen.storyboard in Resources */,
				F106A2E72447936400FAB35F /* GoogleService-Info.plist in Resources */,
				80CA68F0244661AF0097BB7D /* Assets.xcassets in Resources */,
				80CA691124466C060097BB7D /* OptionsStoryboard.storyboard in Resources */,
				F106A2ED2448970900FAB35F /* Activity6Storyboard.storyboard in Resources */,
				80CA691324466C180097BB7D /* SubmittedStoryboard.storyboard in Resources */,
				80CB49802448C0D100E07A76 /* Scavenger.storyboard in Resources */,
			);
			runOnlyForDeploymentPostprocessing = 0;
		};
		80CA68F7244661B00097BB7D /* Resources */ = {
			isa = PBXResourcesBuildPhase;
			buildActionMask = 2147483647;
			files = (
			);
			runOnlyForDeploymentPostprocessing = 0;
		};
/* End PBXResourcesBuildPhase section */

/* Begin PBXShellScriptBuildPhase section */
		5366559F1FBA27FA27101456 /* [CP] Check Pods Manifest.lock */ = {
			isa = PBXShellScriptBuildPhase;
			buildActionMask = 2147483647;
			files = (
			);
			inputFileListPaths = (
			);
			inputPaths = (
				"${PODS_PODFILE_DIR_PATH}/Podfile.lock",
				"${PODS_ROOT}/Manifest.lock",
			);
			name = "[CP] Check Pods Manifest.lock";
			outputFileListPaths = (
			);
			outputPaths = (
				"$(DERIVED_FILE_DIR)/Pods-KidsActivitiesTests-checkManifestLockResult.txt",
			);
			runOnlyForDeploymentPostprocessing = 0;
			shellPath = /bin/sh;
			shellScript = "diff \"${PODS_PODFILE_DIR_PATH}/Podfile.lock\" \"${PODS_ROOT}/Manifest.lock\" > /dev/null\nif [ $? != 0 ] ; then\n    # print error to STDERR\n    echo \"error: The sandbox is not in sync with the Podfile.lock. Run 'pod install' or update your CocoaPods installation.\" >&2\n    exit 1\nfi\n# This output is used by Xcode 'outputs' to avoid re-running this script phase.\necho \"SUCCESS\" > \"${SCRIPT_OUTPUT_FILE_0}\"\n";
			showEnvVarsInLog = 0;
		};
		AE3643AD08796AA540B841FA /* [CP] Embed Pods Frameworks */ = {
			isa = PBXShellScriptBuildPhase;
			buildActionMask = 2147483647;
			files = (
			);
			inputFileListPaths = (
				"${PODS_ROOT}/Target Support Files/Pods-KidsActivities/Pods-KidsActivities-frameworks-${CONFIGURATION}-input-files.xcfilelist",
			);
			name = "[CP] Embed Pods Frameworks";
			outputFileListPaths = (
				"${PODS_ROOT}/Target Support Files/Pods-KidsActivities/Pods-KidsActivities-frameworks-${CONFIGURATION}-output-files.xcfilelist",
			);
			runOnlyForDeploymentPostprocessing = 0;
			shellPath = /bin/sh;
			shellScript = "\"${PODS_ROOT}/Target Support Files/Pods-KidsActivities/Pods-KidsActivities-frameworks.sh\"\n";
			showEnvVarsInLog = 0;
		};
		C66C78B3A4AD504625737685 /* [CP] Check Pods Manifest.lock */ = {
			isa = PBXShellScriptBuildPhase;
			buildActionMask = 2147483647;
			files = (
			);
			inputFileListPaths = (
			);
			inputPaths = (
				"${PODS_PODFILE_DIR_PATH}/Podfile.lock",
				"${PODS_ROOT}/Manifest.lock",
			);
			name = "[CP] Check Pods Manifest.lock";
			outputFileListPaths = (
			);
			outputPaths = (
				"$(DERIVED_FILE_DIR)/Pods-KidsActivities-checkManifestLockResult.txt",
			);
			runOnlyForDeploymentPostprocessing = 0;
			shellPath = /bin/sh;
			shellScript = "diff \"${PODS_PODFILE_DIR_PATH}/Podfile.lock\" \"${PODS_ROOT}/Manifest.lock\" > /dev/null\nif [ $? != 0 ] ; then\n    # print error to STDERR\n    echo \"error: The sandbox is not in sync with the Podfile.lock. Run 'pod install' or update your CocoaPods installation.\" >&2\n    exit 1\nfi\n# This output is used by Xcode 'outputs' to avoid re-running this script phase.\necho \"SUCCESS\" > \"${SCRIPT_OUTPUT_FILE_0}\"\n";
			showEnvVarsInLog = 0;
		};
/* End PBXShellScriptBuildPhase section */

/* Begin PBXSourcesBuildPhase section */
		80CA68DC244661AC0097BB7D /* Sources */ = {
			isa = PBXSourcesBuildPhase;
			buildActionMask = 2147483647;
			files = (
				80CA68E8244661AC0097BB7D /* OptionsViewController.swift in Sources */,
				F106A2F12448A0A900FAB35F /* ContentCell.swift in Sources */,
				80CA68E4244661AC0097BB7D /* AppDelegate.swift in Sources */,
				80CA68E6244661AC0097BB7D /* SceneDelegate.swift in Sources */,
				80CA690D2446695B0097BB7D /* TabViewController.swift in Sources */,
				8020BCDB2446A8C9009FC0A9 /* LetterViewController.swift in Sources */,
				80398C9424490680001A0E4F /* ScavengerCell.swift in Sources */,
				80CA68EE244661AC0097BB7D /* KidsActivities.xcdatamodeld in Sources */,
				80CB49822448C41500E07A76 /* ScavengerInfo.swift in Sources */,
				F106A2EB244896F300FAB35F /* Activity6ViewController.swift in Sources */,
				808C23FF2447733D00C3EC8D /* LetterView.swift in Sources */,
				80CA690F24466A0A0097BB7D /* SubmittedActivitiesViewController.swift in Sources */,
				F106A2EF24489FA100FAB35F /* PersonifiedItemCell.swift in Sources */,
				80CB497E2448C0C900E07A76 /* ScavengerViewController.swift in Sources */,
			);
			runOnlyForDeploymentPostprocessing = 0;
		};
		80CA68F5244661B00097BB7D /* Sources */ = {
			isa = PBXSourcesBuildPhase;
			buildActionMask = 2147483647;
			files = (
				80CA68FE244661B00097BB7D /* KidsActivitiesTests.swift in Sources */,
			);
			runOnlyForDeploymentPostprocessing = 0;
		};
/* End PBXSourcesBuildPhase section */

/* Begin PBXTargetDependency section */
		80CA68FB244661B00097BB7D /* PBXTargetDependency */ = {
			isa = PBXTargetDependency;
			target = 80CA68DF244661AC0097BB7D /* KidsActivities */;
			targetProxy = 80CA68FA244661B00097BB7D /* PBXContainerItemProxy */;
		};
/* End PBXTargetDependency section */

/* Begin PBXVariantGroup section */
		80CA68F1244661AF0097BB7D /* LaunchScreen.storyboard */ = {
			isa = PBXVariantGroup;
			children = (
				80CA68F2244661AF0097BB7D /* Base */,
			);
			name = LaunchScreen.storyboard;
			sourceTree = "<group>";
		};
/* End PBXVariantGroup section */

/* Begin XCBuildConfiguration section */
		80CA6900244661B00097BB7D /* Debug */ = {
			isa = XCBuildConfiguration;
			buildSettings = {
				ALWAYS_SEARCH_USER_PATHS = NO;
				CLANG_ANALYZER_NONNULL = YES;
				CLANG_ANALYZER_NUMBER_OBJECT_CONVERSION = YES_AGGRESSIVE;
				CLANG_CXX_LANGUAGE_STANDARD = "gnu++14";
				CLANG_CXX_LIBRARY = "libc++";
				CLANG_ENABLE_MODULES = YES;
				CLANG_ENABLE_OBJC_ARC = YES;
				CLANG_ENABLE_OBJC_WEAK = YES;
				CLANG_WARN_BLOCK_CAPTURE_AUTORELEASING = YES;
				CLANG_WARN_BOOL_CONVERSION = YES;
				CLANG_WARN_COMMA = YES;
				CLANG_WARN_CONSTANT_CONVERSION = YES;
				CLANG_WARN_DEPRECATED_OBJC_IMPLEMENTATIONS = YES;
				CLANG_WARN_DIRECT_OBJC_ISA_USAGE = YES_ERROR;
				CLANG_WARN_DOCUMENTATION_COMMENTS = YES;
				CLANG_WARN_EMPTY_BODY = YES;
				CLANG_WARN_ENUM_CONVERSION = YES;
				CLANG_WARN_INFINITE_RECURSION = YES;
				CLANG_WARN_INT_CONVERSION = YES;
				CLANG_WARN_NON_LITERAL_NULL_CONVERSION = YES;
				CLANG_WARN_OBJC_IMPLICIT_RETAIN_SELF = YES;
				CLANG_WARN_OBJC_LITERAL_CONVERSION = YES;
				CLANG_WARN_OBJC_ROOT_CLASS = YES_ERROR;
				CLANG_WARN_RANGE_LOOP_ANALYSIS = YES;
				CLANG_WARN_STRICT_PROTOTYPES = YES;
				CLANG_WARN_SUSPICIOUS_MOVE = YES;
				CLANG_WARN_UNGUARDED_AVAILABILITY = YES_AGGRESSIVE;
				CLANG_WARN_UNREACHABLE_CODE = YES;
				CLANG_WARN__DUPLICATE_METHOD_MATCH = YES;
				COPY_PHASE_STRIP = NO;
				DEBUG_INFORMATION_FORMAT = dwarf;
				ENABLE_STRICT_OBJC_MSGSEND = YES;
				ENABLE_TESTABILITY = YES;
				GCC_C_LANGUAGE_STANDARD = gnu11;
				GCC_DYNAMIC_NO_PIC = NO;
				GCC_NO_COMMON_BLOCKS = YES;
				GCC_OPTIMIZATION_LEVEL = 0;
				GCC_PREPROCESSOR_DEFINITIONS = (
					"DEBUG=1",
					"$(inherited)",
				);
				GCC_WARN_64_TO_32_BIT_CONVERSION = YES;
				GCC_WARN_ABOUT_RETURN_TYPE = YES_ERROR;
				GCC_WARN_UNDECLARED_SELECTOR = YES;
				GCC_WARN_UNINITIALIZED_AUTOS = YES_AGGRESSIVE;
				GCC_WARN_UNUSED_FUNCTION = YES;
				GCC_WARN_UNUSED_VARIABLE = YES;
				IPHONEOS_DEPLOYMENT_TARGET = 13.2;
				MTL_ENABLE_DEBUG_INFO = INCLUDE_SOURCE;
				MTL_FAST_MATH = YES;
				ONLY_ACTIVE_ARCH = YES;
				SDKROOT = iphoneos;
				SWIFT_ACTIVE_COMPILATION_CONDITIONS = DEBUG;
				SWIFT_OPTIMIZATION_LEVEL = "-Onone";
			};
			name = Debug;
		};
		80CA6901244661B00097BB7D /* Release */ = {
			isa = XCBuildConfiguration;
			buildSettings = {
				ALWAYS_SEARCH_USER_PATHS = NO;
				CLANG_ANALYZER_NONNULL = YES;
				CLANG_ANALYZER_NUMBER_OBJECT_CONVERSION = YES_AGGRESSIVE;
				CLANG_CXX_LANGUAGE_STANDARD = "gnu++14";
				CLANG_CXX_LIBRARY = "libc++";
				CLANG_ENABLE_MODULES = YES;
				CLANG_ENABLE_OBJC_ARC = YES;
				CLANG_ENABLE_OBJC_WEAK = YES;
				CLANG_WARN_BLOCK_CAPTURE_AUTORELEASING = YES;
				CLANG_WARN_BOOL_CONVERSION = YES;
				CLANG_WARN_COMMA = YES;
				CLANG_WARN_CONSTANT_CONVERSION = YES;
				CLANG_WARN_DEPRECATED_OBJC_IMPLEMENTATIONS = YES;
				CLANG_WARN_DIRECT_OBJC_ISA_USAGE = YES_ERROR;
				CLANG_WARN_DOCUMENTATION_COMMENTS = YES;
				CLANG_WARN_EMPTY_BODY = YES;
				CLANG_WARN_ENUM_CONVERSION = YES;
				CLANG_WARN_INFINITE_RECURSION = YES;
				CLANG_WARN_INT_CONVERSION = YES;
				CLANG_WARN_NON_LITERAL_NULL_CONVERSION = YES;
				CLANG_WARN_OBJC_IMPLICIT_RETAIN_SELF = YES;
				CLANG_WARN_OBJC_LITERAL_CONVERSION = YES;
				CLANG_WARN_OBJC_ROOT_CLASS = YES_ERROR;
				CLANG_WARN_RANGE_LOOP_ANALYSIS = YES;
				CLANG_WARN_STRICT_PROTOTYPES = YES;
				CLANG_WARN_SUSPICIOUS_MOVE = YES;
				CLANG_WARN_UNGUARDED_AVAILABILITY = YES_AGGRESSIVE;
				CLANG_WARN_UNREACHABLE_CODE = YES;
				CLANG_WARN__DUPLICATE_METHOD_MATCH = YES;
				COPY_PHASE_STRIP = NO;
				DEBUG_INFORMATION_FORMAT = "dwarf-with-dsym";
				ENABLE_NS_ASSERTIONS = NO;
				ENABLE_STRICT_OBJC_MSGSEND = YES;
				GCC_C_LANGUAGE_STANDARD = gnu11;
				GCC_NO_COMMON_BLOCKS = YES;
				GCC_WARN_64_TO_32_BIT_CONVERSION = YES;
				GCC_WARN_ABOUT_RETURN_TYPE = YES_ERROR;
				GCC_WARN_UNDECLARED_SELECTOR = YES;
				GCC_WARN_UNINITIALIZED_AUTOS = YES_AGGRESSIVE;
				GCC_WARN_UNUSED_FUNCTION = YES;
				GCC_WARN_UNUSED_VARIABLE = YES;
				IPHONEOS_DEPLOYMENT_TARGET = 13.2;
				MTL_ENABLE_DEBUG_INFO = NO;
				MTL_FAST_MATH = YES;
				SDKROOT = iphoneos;
				SWIFT_COMPILATION_MODE = wholemodule;
				SWIFT_OPTIMIZATION_LEVEL = "-O";
				VALIDATE_PRODUCT = YES;
			};
			name = Release;
		};
		80CA6903244661B00097BB7D /* Debug */ = {
			isa = XCBuildConfiguration;
			baseConfigurationReference = 3DF0B7F88367107B8409C9BB /* Pods-KidsActivities.debug.xcconfig */;
			buildSettings = {
				ASSETCATALOG_COMPILER_APPICON_NAME = AppIcon;
				CODE_SIGN_STYLE = Automatic;
				DEVELOPMENT_TEAM = P547T297G7;
				INFOPLIST_FILE = KidsActivities/Info.plist;
				LD_RUNPATH_SEARCH_PATHS = (
					"$(inherited)",
					"@executable_path/Frameworks",
				);
				PRODUCT_BUNDLE_IDENTIFIER = com.Maitree.KidsActivities;
				PRODUCT_NAME = "$(TARGET_NAME)";
				SWIFT_VERSION = 5.0;
				TARGETED_DEVICE_FAMILY = "1,2";
			};
			name = Debug;
		};
		80CA6904244661B00097BB7D /* Release */ = {
			isa = XCBuildConfiguration;
			baseConfigurationReference = 3B538D9642208F1D38CD1D88 /* Pods-KidsActivities.release.xcconfig */;
			buildSettings = {
				ASSETCATALOG_COMPILER_APPICON_NAME = AppIcon;
				CODE_SIGN_STYLE = Automatic;
				DEVELOPMENT_TEAM = P547T297G7;
				INFOPLIST_FILE = KidsActivities/Info.plist;
				LD_RUNPATH_SEARCH_PATHS = (
					"$(inherited)",
					"@executable_path/Frameworks",
				);
				PRODUCT_BUNDLE_IDENTIFIER = com.Maitree.KidsActivities;
				PRODUCT_NAME = "$(TARGET_NAME)";
				SWIFT_VERSION = 5.0;
				TARGETED_DEVICE_FAMILY = "1,2";
			};
			name = Release;
		};
		80CA6906244661B00097BB7D /* Debug */ = {
			isa = XCBuildConfiguration;
			baseConfigurationReference = 5BC872B906A1A96F874BC454 /* Pods-KidsActivitiesTests.debug.xcconfig */;
			buildSettings = {
				ALWAYS_EMBED_SWIFT_STANDARD_LIBRARIES = YES;
				BUNDLE_LOADER = "$(TEST_HOST)";
				CODE_SIGN_STYLE = Automatic;
				DEVELOPMENT_TEAM = P547T297G7;
				INFOPLIST_FILE = KidsActivitiesTests/Info.plist;
				IPHONEOS_DEPLOYMENT_TARGET = 13.2;
				LD_RUNPATH_SEARCH_PATHS = (
					"$(inherited)",
					"@executable_path/Frameworks",
					"@loader_path/Frameworks",
				);
				PRODUCT_BUNDLE_IDENTIFIER = com.MaitreeBain.KidsActivitiesTests;
				PRODUCT_NAME = "$(TARGET_NAME)";
				SWIFT_VERSION = 5.0;
				TARGETED_DEVICE_FAMILY = "1,2";
				TEST_HOST = "$(BUILT_PRODUCTS_DIR)/KidsActivities.app/KidsActivities";
			};
			name = Debug;
		};
		80CA6907244661B00097BB7D /* Release */ = {
			isa = XCBuildConfiguration;
			baseConfigurationReference = 540B73A2D483DBB1D0D30944 /* Pods-KidsActivitiesTests.release.xcconfig */;
			buildSettings = {
				ALWAYS_EMBED_SWIFT_STANDARD_LIBRARIES = YES;
				BUNDLE_LOADER = "$(TEST_HOST)";
				CODE_SIGN_STYLE = Automatic;
				DEVELOPMENT_TEAM = P547T297G7;
				INFOPLIST_FILE = KidsActivitiesTests/Info.plist;
				IPHONEOS_DEPLOYMENT_TARGET = 13.2;
				LD_RUNPATH_SEARCH_PATHS = (
					"$(inherited)",
					"@executable_path/Frameworks",
					"@loader_path/Frameworks",
				);
				PRODUCT_BUNDLE_IDENTIFIER = com.MaitreeBain.KidsActivitiesTests;
				PRODUCT_NAME = "$(TARGET_NAME)";
				SWIFT_VERSION = 5.0;
				TARGETED_DEVICE_FAMILY = "1,2";
				TEST_HOST = "$(BUILT_PRODUCTS_DIR)/KidsActivities.app/KidsActivities";
			};
			name = Release;
		};
/* End XCBuildConfiguration section */

/* Begin XCConfigurationList section */
		80CA68DB244661AC0097BB7D /* Build configuration list for PBXProject "KidsActivities" */ = {
			isa = XCConfigurationList;
			buildConfigurations = (
				80CA6900244661B00097BB7D /* Debug */,
				80CA6901244661B00097BB7D /* Release */,
			);
			defaultConfigurationIsVisible = 0;
			defaultConfigurationName = Release;
		};
		80CA6902244661B00097BB7D /* Build configuration list for PBXNativeTarget "KidsActivities" */ = {
			isa = XCConfigurationList;
			buildConfigurations = (
				80CA6903244661B00097BB7D /* Debug */,
				80CA6904244661B00097BB7D /* Release */,
			);
			defaultConfigurationIsVisible = 0;
			defaultConfigurationName = Release;
		};
		80CA6905244661B00097BB7D /* Build configuration list for PBXNativeTarget "KidsActivitiesTests" */ = {
			isa = XCConfigurationList;
			buildConfigurations = (
				80CA6906244661B00097BB7D /* Debug */,
				80CA6907244661B00097BB7D /* Release */,
			);
			defaultConfigurationIsVisible = 0;
			defaultConfigurationName = Release;
		};
/* End XCConfigurationList section */

/* Begin XCVersionGroup section */
		80CA68EC244661AC0097BB7D /* KidsActivities.xcdatamodeld */ = {
			isa = XCVersionGroup;
			children = (
				80CA68ED244661AC0097BB7D /* KidsActivities.xcdatamodel */,
			);
			currentVersion = 80CA68ED244661AC0097BB7D /* KidsActivities.xcdatamodel */;
			path = KidsActivities.xcdatamodeld;
			sourceTree = "<group>";
			versionGroupType = wrapper.xcdatamodel;
		};
/* End XCVersionGroup section */
	};
	rootObject = 80CA68D8244661AC0097BB7D /* Project object */;
}
